
Microsoft Visual Studio Solution File, Format Version 12.00
# Visual Studio Version 16
VisualStudioVersion = 16.0.31205.134
MinimumVisualStudioVersion = 10.0.40219.1
Project("{FAE04EC0-301F-11D3-BF4B-00C04F79EFBC}") = "201COS Game", "201COS Game.csproj", "{A6B38BC9-E126-41AB-A75B-2CB4B002D594}"
EndProject
Global
	GlobalSection(SolutionConfigurationPlatforms) = preSolution
		Debug|Any CPU = Debug|Any CPU
		Release|Any CPU = Release|Any CPU
	EndGlobalSection
	GlobalSection(ProjectConfigurationPlatforms) = postSolution
		{A6B38BC9-E126-41AB-A75B-2CB4B002D594}.Debug|Any CPU.ActiveCfg = Debug|Any CPU
		{A6B38BC9-E126-41AB-A75B-2CB4B002D594}.Debug|Any CPU.Build.0 = Debug|Any CPU
		{A6B38BC9-E126-41AB-A75B-2CB4B002D594}.Release|Any CPU.ActiveCfg = Release|Any CPU
		{A6B38BC9-E126-41AB-A75B-2CB4B002D594}.Release|Any CPU.Build.0 = Release|Any CPU
	EndGlobalSection
	GlobalSection(SolutionProperties) = preSolution
		HideSolutionNode = FALSE
	EndGlobalSection
	GlobalSection(ExtensibilityGlobals) = postSolution
		SolutionGuid = {1C08B9D9-52D2-4442-89D0-AC1785D678F7}
	EndGlobalSection
EndGlobal
